// !$*UTF8*$!
{
	archiveVersion = 1;
	classes = {
	};
	objectVersion = 46;
	objects = {

/* Begin PBXBuildFile section */
		2DA3598D1E1D26A600783DE1 /* AppDelegate.swift in Sources */ = {isa = PBXBuildFile; fileRef = 2DA3598C1E1D26A600783DE1 /* AppDelegate.swift */; };
		2DA3598F1E1D26A600783DE1 /* ViewController.swift in Sources */ = {isa = PBXBuildFile; fileRef = 2DA3598E1E1D26A600783DE1 /* ViewController.swift */; };
		2DA359921E1D26A600783DE1 /* Main.storyboard in Resources */ = {isa = PBXBuildFile; fileRef = 2DA359901E1D26A600783DE1 /* Main.storyboard */; };
		2DA359941E1D26A600783DE1 /* Assets.xcassets in Resources */ = {isa = PBXBuildFile; fileRef = 2DA359931E1D26A600783DE1 /* Assets.xcassets */; };
		2DA359971E1D26A600783DE1 /* LaunchScreen.storyboard in Resources */ = {isa = PBXBuildFile; fileRef = 2DA359951E1D26A600783DE1 /* LaunchScreen.storyboard */; };
		C5813594F598437B26BC2F9A /* Pods_iot_ble.framework in Frameworks */ = {isa = PBXBuildFile; fileRef = 35A4F2A8F56A56AAFDBA861D /* Pods_iot_ble.framework */; };
/* End PBXBuildFile section */

/* Begin PBXFileReference section */
		2DA359891E1D26A600783DE1 /* iot-ble.app */ = {isa = PBXFileReference; explicitFileType = wrapper.application; includeInIndex = 0; path = "iot-ble.app"; sourceTree = BUILT_PRODUCTS_DIR; };
		2DA3598C1E1D26A600783DE1 /* AppDelegate.swift */ = {isa = PBXFileReference; lastKnownFileType = sourcecode.swift; path = AppDelegate.swift; sourceTree = "<group>"; };
		2DA3598E1E1D26A600783DE1 /* ViewController.swift */ = {isa = PBXFileReference; lastKnownFileType = sourcecode.swift; path = ViewController.swift; sourceTree = "<group>"; };
		2DA359911E1D26A600783DE1 /* Base */ = {isa = PBXFileReference; lastKnownFileType = file.storyboard; name = Base; path = Base.lproj/Main.storyboard; sourceTree = "<group>"; };
		2DA359931E1D26A600783DE1 /* Assets.xcassets */ = {isa = PBXFileReference; lastKnownFileType = folder.assetcatalog; path = Assets.xcassets; sourceTree = "<group>"; };
		2DA359961E1D26A600783DE1 /* Base */ = {isa = PBXFileReference; lastKnownFileType = file.storyboard; name = Base; path = Base.lproj/LaunchScreen.storyboard; sourceTree = "<group>"; };
		2DA359981E1D26A600783DE1 /* Info.plist */ = {isa = PBXFileReference; lastKnownFileType = text.plist.xml; path = Info.plist; sourceTree = "<group>"; };
		35A4F2A8F56A56AAFDBA861D /* Pods_iot_ble.framework */ = {isa = PBXFileReference; explicitFileType = wrapper.framework; includeInIndex = 0; path = Pods_iot_ble.framework; sourceTree = BUILT_PRODUCTS_DIR; };
		9A10C864991F283D5C6C5DA2 /* Pods-iot-ble.debug.xcconfig */ = {isa = PBXFileReference; includeInIndex = 1; lastKnownFileType = text.xcconfig; name = "Pods-iot-ble.debug.xcconfig"; path = "Pods/Target Support Files/Pods-iot-ble/Pods-iot-ble.debug.xcconfig"; sourceTree = "<group>"; };
		BEC5F2566B1858331828C5B2 /* Pods-iot-ble.release.xcconfig */ = {isa = PBXFileReference; includeInIndex = 1; lastKnownFileType = text.xcconfig; name = "Pods-iot-ble.release.xcconfig"; path = "Pods/Target Support Files/Pods-iot-ble/Pods-iot-ble.release.xcconfig"; sourceTree = "<group>"; };
/* End PBXFileReference section */

/* Begin PBXFrameworksBuildPhase section */
		2DA359861E1D26A600783DE1 /* Frameworks */ = {
			isa = PBXFrameworksBuildPhase;
			buildActionMask = 2147483647;
			files = (
				C5813594F598437B26BC2F9A /* Pods_iot_ble.framework in Frameworks */,
			);
			runOnlyForDeploymentPostprocessing = 0;
		};
/* End PBXFrameworksBuildPhase section */

/* Begin PBXGroup section */
		2DA359801E1D26A600783DE1 = {
			isa = PBXGroup;
			children = (
				2DA3598B1E1D26A600783DE1 /* iot-ble */,
				2DA3598A1E1D26A600783DE1 /* Products */,
				D8D82A688A60AFCFF2CCCF5C /* Pods */,
				D3CF1D713B4DE470D177BDC1 /* Frameworks */,
			);
			sourceTree = "<group>";
		};
		2DA3598A1E1D26A600783DE1 /* Products */ = {
			isa = PBXGroup;
			children = (
				2DA359891E1D26A600783DE1 /* iot-ble.app */,
			);
			name = Products;
			sourceTree = "<group>";
		};
		2DA3598B1E1D26A600783DE1 /* iot-ble */ = {
			isa = PBXGroup;
			children = (
				2DA3598C1E1D26A600783DE1 /* AppDelegate.swift */,
				2DA3598E1E1D26A600783DE1 /* ViewController.swift */,
				2DA359901E1D26A600783DE1 /* Main.storyboard */,
				2DA359931E1D26A600783DE1 /* Assets.xcassets */,
				2DA359951E1D26A600783DE1 /* LaunchScreen.storyboard */,
				2DA359981E1D26A600783DE1 /* Info.plist */,
			);
			path = "iot-ble";
			sourceTree = "<group>";
		};
		D3CF1D713B4DE470D177BDC1 /* Frameworks */ = {
			isa = PBXGroup;
			children = (
				35A4F2A8F56A56AAFDBA861D /* Pods_iot_ble.framework */,
			);
			name = Frameworks;
			sourceTree = "<group>";
		};
		D8D82A688A60AFCFF2CCCF5C /* Pods */ = {
			isa = PBXGroup;
			children = (
				9A10C864991F283D5C6C5DA2 /* Pods-iot-ble.debug.xcconfig */,
				BEC5F2566B1858331828C5B2 /* Pods-iot-ble.release.xcconfig */,
			);
			name = Pods;
			sourceTree = "<group>";
		};
/* End PBXGroup section */

/* Begin PBXNativeTarget section */
		2DA359881E1D26A600783DE1 /* iot-ble */ = {
			isa = PBXNativeTarget;
			buildConfigurationList = 2DA3599B1E1D26A600783DE1 /* Build configuration list for PBXNativeTarget "iot-ble" */;
			buildPhases = (
				8BD14C0F98B50445387F1CDB /* [CP] Check Pods Manifest.lock */,
				2DA359851E1D26A600783DE1 /* Sources */,
				2DA359861E1D26A600783DE1 /* Frameworks */,
				2DA359871E1D26A600783DE1 /* Resources */,
				3DA270732F79E7539274D77A /* [CP] Embed Pods Frameworks */,
				48F74250F3EC04D909BE198F /* [CP] Copy Pods Resources */,
			);
			buildRules = (
			);
			dependencies = (
			);
			name = "iot-ble";
			productName = "iot-ble";
			productReference = 2DA359891E1D26A600783DE1 /* iot-ble.app */;
			productType = "com.apple.product-type.application";
		};
/* End PBXNativeTarget section */

/* Begin PBXProject section */
		2DA359811E1D26A600783DE1 /* Project object */ = {
			isa = PBXProject;
			attributes = {
				LastSwiftUpdateCheck = 0820;
				LastUpgradeCheck = 0820;
				ORGANIZATIONNAME = "Ashish Kapoor";
				TargetAttributes = {
					2DA359881E1D26A600783DE1 = {
						CreatedOnToolsVersion = 8.2;
						ProvisioningStyle = Automatic;
					};
				};
			};
			buildConfigurationList = 2DA359841E1D26A600783DE1 /* Build configuration list for PBXProject "iot-ble" */;
			compatibilityVersion = "Xcode 3.2";
			developmentRegion = English;
			hasScannedForEncodings = 0;
			knownRegions = (
				en,
				Base,
			);
			mainGroup = 2DA359801E1D26A600783DE1;
			productRefGroup = 2DA3598A1E1D26A600783DE1 /* Products */;
			projectDirPath = "";
			projectRoot = "";
			targets = (
				2DA359881E1D26A600783DE1 /* iot-ble */,
			);
		};
/* End PBXProject section */

/* Begin PBXResourcesBuildPhase section */
		2DA359871E1D26A600783DE1 /* Resources */ = {
			isa = PBXResourcesBuildPhase;
			buildActionMask = 2147483647;
			files = (
				2DA359971E1D26A600783DE1 /* LaunchScreen.storyboard in Resources */,
				2DA359941E1D26A600783DE1 /* Assets.xcassets in Resources */,
				2DA359921E1D26A600783DE1 /* Main.storyboard in Resources */,
			);
			runOnlyForDeploymentPostprocessing = 0;
		};
/* End PBXResourcesBuildPhase section */

/* Begin PBXShellScriptBuildPhase section */
		3DA270732F79E7539274D77A /* [CP] Embed Pods Frameworks */ = {
			isa = PBXShellScriptBuildPhase;
			buildActionMask = 2147483647;
			files = (
			);
			inputPaths = (
			);
			name = "[CP] Embed Pods Frameworks";
			outputPaths = (
			);
			runOnlyForDeploymentPostprocessing = 0;
			shellPath = /bin/sh;
			shellScript = "\"${SRCROOT}/Pods/Target Support Files/Pods-iot-ble/Pods-iot-ble-frameworks.sh\"\n";
			showEnvVarsInLog = 0;
		};
		48F74250F3EC04D909BE198F /* [CP] Copy Pods Resources */ = {
			isa = PBXShellScriptBuildPhase;
			buildActionMask = 2147483647;
			files = (
			);
			inputPaths = (
			);
			name = "[CP] Copy Pods Resources";
			outputPaths = (
			);
			runOnlyForDeploymentPostprocessing = 0;
			shellPath = /bin/sh;
			shellScript = "\"${SRCROOT}/Pods/Target Support Files/Pods-iot-ble/Pods-iot-ble-resources.sh\"\n";
			showEnvVarsInLog = 0;
		};
		8BD14C0F98B50445387F1CDB /* [CP] Check Pods Manifest.lock */ = {
			isa = PBXShellScriptBuildPhase;
			buildActionMask = 2147483647;
			files = (
			);
			inputPaths = (
			);
			name = "[CP] Check Pods Manifest.lock";
			outputPaths = (
			);
			runOnlyForDeploymentPostprocessing = 0;
			shellPath = /bin/sh;
			shellScript = "diff \"${PODS_ROOT}/../Podfile.lock\" \"${PODS_ROOT}/Manifest.lock\" > /dev/null\nif [ $? != 0 ] ; then\n    # print error to STDERR\n    echo \"error: The sandbox is not in sync with the Podfile.lock. Run 'pod install' or update your CocoaPods installation.\" >&2\n    exit 1\nfi\n";
			showEnvVarsInLog = 0;
		};
/* End PBXShellScriptBuildPhase section */

/* Begin PBXSourcesBuildPhase section */
		2DA359851E1D26A600783DE1 /* Sources */ = {
			isa = PBXSourcesBuildPhase;
			buildActionMask = 2147483647;
			files = (
				2DA3598F1E1D26A600783DE1 /* ViewController.swift in Sources */,
				2DA3598D1E1D26A600783DE1 /* AppDelegate.swift in Sources */,
			);
			runOnlyForDeploymentPostprocessing = 0;
		};
/* End PBXSourcesBuildPhase section */

/* Begin PBXVariantGroup section */
		2DA359901E1D26A600783DE1 /* Main.storyboard */ = {
			isa = PBXVariantGroup;
			children = (
				2DA359911E1D26A600783DE1 /* Base */,
			);
			name = Main.storyboard;
			sourceTree = "<group>";
		};
		2DA359951E1D26A600783DE1 /* LaunchScreen.storyboard */ = {
			isa = PBXVariantGroup;
			children = (
				2DA359961E1D26A600783DE1 /* Base */,
			);
			name = LaunchScreen.storyboard;
			sourceTree = "<group>";
		};
/* End PBXVariantGroup section */

/* Begin XCBuildConfiguration section */
		2DA359991E1D26A600783DE1 /* Debug */ = {
			isa = XCBuildConfiguration;
			buildSettings = {
				ALWAYS_SEARCH_USER_PATHS = NO;
				CLANG_ANALYZER_NONNULL = YES;
				CLANG_CXX_LANGUAGE_STANDARD = "gnu++0x";
				CLANG_CXX_LIBRARY = "libc++";
				CLANG_ENABLE_MODULES = YES;
				CLANG_ENABLE_OBJC_ARC = YES;
				CLANG_WARN_BOOL_CONVERSION = YES;
				CLANG_WARN_CONSTANT_CONVERSION = YES;
				CLANG_WARN_DIRECT_OBJC_ISA_USAGE = YES_ERROR;
				CLANG_WARN_DOCUMENTATION_COMMENTS = YES;
				CLANG_WARN_EMPTY_BODY = YES;
				CLANG_WARN_ENUM_CONVERSION = YES;
				CLANG_WARN_INFINITE_RECURSION = YES;
				CLANG_WARN_INT_CONVERSION = YES;
				CLANG_WARN_OBJC_ROOT_CLASS = YES_ERROR;
				CLANG_WARN_SUSPICIOUS_MOVE = YES;
				CLANG_WARN_UNREACHABLE_CODE = YES;
				CLANG_WARN__DUPLICATE_METHOD_MATCH = YES;
				"CODE_SIGN_IDENTITY[sdk=iphoneos*]" = "iPhone Developer";
				COPY_PHASE_STRIP = NO;
				DEBUG_INFORMATION_FORMAT = dwarf;
				ENABLE_STRICT_OBJC_MSGSEND = YES;
				ENABLE_TESTABILITY = YES;
				GCC_C_LANGUAGE_STANDARD = gnu99;
				GCC_DYNAMIC_NO_PIC = NO;
				GCC_NO_COMMON_BLOCKS = YES;
				GCC_OPTIMIZATION_LEVEL = 0;
				GCC_PREPROCESSOR_DEFINITIONS = (
					"DEBUG=1",
					"$(inherited)",
				);
				GCC_WARN_64_TO_32_BIT_CONVERSION = YES;
				GCC_WARN_ABOUT_RETURN_TYPE = YES_ERROR;
				GCC_WARN_UNDECLARED_SELECTOR = YES;
				GCC_WARN_UNINITIALIZED_AUTOS = YES_AGGRESSIVE;
				GCC_WARN_UNUSED_FUNCTION = YES;
				GCC_WARN_UNUSED_VARIABLE = YES;
				IPHONEOS_DEPLOYMENT_TARGET = 10.2;
				MTL_ENABLE_DEBUG_INFO = YES;
				ONLY_ACTIVE_ARCH = YES;
				SDKROOT = iphoneos;
				SWIFT_ACTIVE_COMPILATION_CONDITIONS = DEBUG;
				SWIFT_OPTIMIZATION_LEVEL = "-Onone";
				TARGETED_DEVICE_FAMILY = "1,2";
			};
			name = Debug;
		};
		2DA3599A1E1D26A600783DE1 /* Release */ = {
			isa = XCBuildConfiguration;
			buildSettings = {
				ALWAYS_SEARCH_USER_PATHS = NO;
				CLANG_ANALYZER_NONNULL = YES;
				CLANG_CXX_LANGUAGE_STANDARD = "gnu++0x";
				CLANG_CXX_LIBRARY = "libc++";
				CLANG_ENABLE_MODULES = YES;
				CLANG_ENABLE_OBJC_ARC = YES;
				CLANG_WARN_BOOL_CONVERSION = YES;
				CLANG_WARN_CONSTANT_CONVERSION = YES;
				CLANG_WARN_DIRECT_OBJC_ISA_USAGE = YES_ERROR;
				CLANG_WARN_DOCUMENTATION_COMMENTS = YES;
				CLANG_WARN_EMPTY_BODY = YES;
				CLANG_WARN_ENUM_CONVERSION = YES;
				CLANG_WARN_INFINITE_RECURSION = YES;
				CLANG_WARN_INT_CONVERSION = YES;
				CLANG_WARN_OBJC_ROOT_CLASS = YES_ERROR;
				CLANG_WARN_SUSPICIOUS_MOVE = YES;
				CLANG_WARN_UNREACHABLE_CODE = YES;
				CLANG_WARN__DUPLICATE_METHOD_MATCH = YES;
				"CODE_SIGN_IDENTITY[sdk=iphoneos*]" = "iPhone Developer";
				COPY_PHASE_STRIP = NO;
				DEBUG_INFORMATION_FORMAT = "dwarf-with-dsym";
				ENABLE_NS_ASSERTIONS = NO;
				ENABLE_STRICT_OBJC_MSGSEND = YES;
				GCC_C_LANGUAGE_STANDARD = gnu99;
				GCC_NO_COMMON_BLOCKS = YES;
				GCC_WARN_64_TO_32_BIT_CONVERSION = YES;
				GCC_WARN_ABOUT_RETURN_TYPE = YES_ERROR;
				GCC_WARN_UNDECLARED_SELECTOR = YES;
				GCC_WARN_UNINITIALIZED_AUTOS = YES_AGGRESSIVE;
				GCC_WARN_UNUSED_FUNCTION = YES;
				GCC_WARN_UNUSED_VARIABLE = YES;
				IPHONEOS_DEPLOYMENT_TARGET = 10.2;
				MTL_ENABLE_DEBUG_INFO = NO;
				SDKROOT = iphoneos;
				SWIFT_OPTIMIZATION_LEVEL = "-Owholemodule";
				TARGETED_DEVICE_FAMILY = "1,2";
				VALIDATE_PRODUCT = YES;
			};
			name = Release;
		};
		2DA3599C1E1D26A600783DE1 /* Debug */ = {
			isa = XCBuildConfiguration;
			baseConfigurationReference = 9A10C864991F283D5C6C5DA2 /* Pods-iot-ble.debug.xcconfig */;
			buildSettings = {
				ALWAYS_EMBED_SWIFT_STANDARD_LIBRARIES = YES;
				ASSETCATALOG_COMPILER_APPICON_NAME = AppIcon;
				INFOPLIST_FILE = "iot-ble/Info.plist";
				LD_RUNPATH_SEARCH_PATHS = "$(inherited) @executable_path/Frameworks";
				PRODUCT_BUNDLE_IDENTIFIER = "Kapoor.tech.iot-ble";
				PRODUCT_NAME = "$(TARGET_NAME)";
				SWIFT_VERSION = 3.0;
			};
			name = Debug;
		};
		2DA3599D1E1D26A600783DE1 /* Release */ = {
			isa = XCBuildConfiguration;
			baseConfigurationReference = BEC5F2566B1858331828C5B2 /* Pods-iot-ble.release.xcconfig */;
			buildSettings = {
				ALWAYS_EMBED_SWIFT_STANDARD_LIBRARIES = YES;
				ASSETCATALOG_COMPILER_APPICON_NAME = AppIcon;
				INFOPLIST_FILE = "iot-ble/Info.plist";
				LD_RUNPATH_SEARCH_PATHS = "$(inherited) @executable_path/Frameworks";
				PRODUCT_BUNDLE_IDENTIFIER = "Kapoor.tech.iot-ble";
				PRODUCT_NAME = "$(TARGET_NAME)";
				SWIFT_VERSION = 3.0;
			};
			name = Release;
		};
/* End XCBuildConfiguration section */

/* Begin XCConfigurationList section */
		2DA359841E1D26A600783DE1 /* Build configuration list for PBXProject "iot-ble" */ = {
			isa = XCConfigurationList;
			buildConfigurations = (
				2DA359991E1D26A600783DE1 /* Debug */,
				2DA3599A1E1D26A600783DE1 /* Release */,
			);
			defaultConfigurationIsVisible = 0;
			defaultConfigurationName = Release;
		};
		2DA3599B1E1D26A600783DE1 /* Build configuration list for PBXNativeTarget "iot-ble" */ = {
			isa = XCConfigurationList;
			buildConfigurations = (
				2DA3599C1E1D26A600783DE1 /* Debug */,
				2DA3599D1E1D26A600783DE1 /* Release */,
			);
			defaultConfigurationIsVisible = 0;
			defaultConfigurationName = Release;
		};
/* End XCConfigurationList section */
	};
	rootObject = 2DA359811E1D26A600783DE1 /* Project object */;
}
